
Microsoft Visual Studio Solution File, Format Version 12.00
# Visual Studio Version 16
VisualStudioVersion = 16.0.32228.343
MinimumVisualStudioVersion = 10.0.40219.1
Project("{FAE04EC0-301F-11D3-BF4B-00C04F79EFBC}") = "Laboratorio1", "Laboratorio1\Laboratorio1.csproj", "{4E48569A-CF93-48F9-B47D-E744EEC5AFEB}"
EndProject
Project("{FAE04EC0-301F-11D3-BF4B-00C04F79EFBC}") = "Laboratorio1.Tests", "Laboratorio1.Tests\Laboratorio1.Tests.csproj", "{D641C106-7C26-4B18-A755-BF5777935370}"
EndProject
Global
	GlobalSection(SolutionConfigurationPlatforms) = preSolution
		Debug|Any CPU = Debug|Any CPU
		Release|Any CPU = Release|Any CPU
	EndGlobalSection
	GlobalSection(ProjectConfigurationPlatforms) = postSolution
		{4E48569A-CF93-48F9-B47D-E744EEC5AFEB}.Debug|Any CPU.ActiveCfg = Debug|Any CPU
		{4E48569A-CF93-48F9-B47D-E744EEC5AFEB}.Debug|Any CPU.Build.0 = Debug|Any CPU
		{4E48569A-CF93-48F9-B47D-E744EEC5AFEB}.Release|Any CPU.ActiveCfg = Release|Any CPU
		{4E48569A-CF93-48F9-B47D-E744EEC5AFEB}.Release|Any CPU.Build.0 = Release|Any CPU
		{D641C106-7C26-4B18-A755-BF5777935370}.Debug|Any CPU.ActiveCfg = Debug|Any CPU
		{D641C106-7C26-4B18-A755-BF5777935370}.Debug|Any CPU.Build.0 = Debug|Any CPU
		{D641C106-7C26-4B18-A755-BF5777935370}.Release|Any CPU.ActiveCfg = Release|Any CPU
		{D641C106-7C26-4B18-A755-BF5777935370}.Release|Any CPU.Build.0 = Release|Any CPU
	EndGlobalSection
	GlobalSection(SolutionProperties) = preSolution
		HideSolutionNode = FALSE
	EndGlobalSection
	GlobalSection(ExtensibilityGlobals) = postSolution
		SolutionGuid = {F8887CD9-4FF7-4406-9FFA-463B59DCCEB5}
	EndGlobalSection
EndGlobal
